
Microsoft Visual Studio Solution File, Format Version 12.00
# Visual Studio Version 16
VisualStudioVersion = 16.0.31205.134
MinimumVisualStudioVersion = 10.0.40219.1
Project("{FAE04EC0-301F-11D3-BF4B-00C04F79EFBC}") = "SistemaOS", "SistemaOS\SistemaOS.csproj", "{351791EF-4C49-47E8-AC9F-EF5FF9CAEA1D}"
EndProject
Global
	GlobalSection(SolutionConfigurationPlatforms) = preSolution
		Debug|Any CPU = Debug|Any CPU
		Release|Any CPU = Release|Any CPU
	EndGlobalSection
	GlobalSection(ProjectConfigurationPlatforms) = postSolution
		{351791EF-4C49-47E8-AC9F-EF5FF9CAEA1D}.Debug|Any CPU.ActiveCfg = Debug|Any CPU
		{351791EF-4C49-47E8-AC9F-EF5FF9CAEA1D}.Debug|Any CPU.Build.0 = Debug|Any CPU
		{351791EF-4C49-47E8-AC9F-EF5FF9CAEA1D}.Release|Any CPU.ActiveCfg = Release|Any CPU
		{351791EF-4C49-47E8-AC9F-EF5FF9CAEA1D}.Release|Any CPU.Build.0 = Release|Any CPU
	EndGlobalSection
	GlobalSection(SolutionProperties) = preSolution
		HideSolutionNode = FALSE
	EndGlobalSection
	GlobalSection(ExtensibilityGlobals) = postSolution
		SolutionGuid = {EB562417-1604-4452-9FDF-1D9F7B17D4BB}
	EndGlobalSection
EndGlobal
